
Microsoft Visual Studio Solution File, Format Version 12.00
# Visual Studio 15
VisualStudioVersion = 15.0.28010.2050
MinimumVisualStudioVersion = 10.0.40219.1
Project("{FAE04EC0-301F-11D3-BF4B-00C04F79EFBC}") = "LibPostalNet", "LibPostalNet\LibPostalNet.csproj", "{7154A21B-B8A8-4A1F-A1DB-078C1F1B600E}"
EndProject
Project("{FAE04EC0-301F-11D3-BF4B-00C04F79EFBC}") = "LibPostalConsole", "LibPostalConsole\LibPostalConsole.csproj", "{D5134F73-3439-420C-AA2D-B305D13D9F75}"
EndProject
Project("{2150E333-8FDC-42A3-9474-1A3956D46DE8}") = "Solution Items", "Solution Items", "{47F5D5A8-8496-4390-92D9-273665D4DDC2}"
	ProjectSection(SolutionItems) = preProject
		README.md = README.md
	EndProjectSection
EndProject
Global
	GlobalSection(SolutionConfigurationPlatforms) = preSolution
		Debug|Any CPU = Debug|Any CPU
		Debug|x64 = Debug|x64
		Debug|x86 = Debug|x86
		Release|Any CPU = Release|Any CPU
		Release|x64 = Release|x64
		Release|x86 = Release|x86
	EndGlobalSection
	GlobalSection(ProjectConfigurationPlatforms) = postSolution
		{7154A21B-B8A8-4A1F-A1DB-078C1F1B600E}.Debug|Any CPU.ActiveCfg = Debug|x64
		{7154A21B-B8A8-4A1F-A1DB-078C1F1B600E}.Debug|Any CPU.Build.0 = Debug|x64
		{7154A21B-B8A8-4A1F-A1DB-078C1F1B600E}.Debug|x64.ActiveCfg = Debug|x64
		{7154A21B-B8A8-4A1F-A1DB-078C1F1B600E}.Debug|x64.Build.0 = Debug|x64
		{7154A21B-B8A8-4A1F-A1DB-078C1F1B600E}.Debug|x86.ActiveCfg = Debug|x86
		{7154A21B-B8A8-4A1F-A1DB-078C1F1B600E}.Debug|x86.Build.0 = Debug|x86
		{7154A21B-B8A8-4A1F-A1DB-078C1F1B600E}.Release|Any CPU.ActiveCfg = Release|Any CPU
		{7154A21B-B8A8-4A1F-A1DB-078C1F1B600E}.Release|Any CPU.Build.0 = Release|Any CPU
		{7154A21B-B8A8-4A1F-A1DB-078C1F1B600E}.Release|x64.ActiveCfg = Release|x64
		{7154A21B-B8A8-4A1F-A1DB-078C1F1B600E}.Release|x64.Build.0 = Release|x64
		{7154A21B-B8A8-4A1F-A1DB-078C1F1B600E}.Release|x86.ActiveCfg = Release|x86
		{7154A21B-B8A8-4A1F-A1DB-078C1F1B600E}.Release|x86.Build.0 = Release|x86
		{D5134F73-3439-420C-AA2D-B305D13D9F75}.Debug|Any CPU.ActiveCfg = Debug|x64
		{D5134F73-3439-420C-AA2D-B305D13D9F75}.Debug|Any CPU.Build.0 = Debug|x64
		{D5134F73-3439-420C-AA2D-B305D13D9F75}.Debug|x64.ActiveCfg = Debug|x64
		{D5134F73-3439-420C-AA2D-B305D13D9F75}.Debug|x64.Build.0 = Debug|x64
		{D5134F73-3439-420C-AA2D-B305D13D9F75}.Debug|x86.ActiveCfg = Debug|Any CPU
		{D5134F73-3439-420C-AA2D-B305D13D9F75}.Debug|x86.Build.0 = Debug|Any CPU
		{D5134F73-3439-420C-AA2D-B305D13D9F75}.Release|Any CPU.ActiveCfg = Release|Any CPU
		{D5134F73-3439-420C-AA2D-B305D13D9F75}.Release|Any CPU.Build.0 = Release|Any CPU
		{D5134F73-3439-420C-AA2D-B305D13D9F75}.Release|x64.ActiveCfg = Release|x64
		{D5134F73-3439-420C-AA2D-B305D13D9F75}.Release|x64.Build.0 = Release|x64
		{D5134F73-3439-420C-AA2D-B305D13D9F75}.Release|x86.ActiveCfg = Release|Any CPU
		{D5134F73-3439-420C-AA2D-B305D13D9F75}.Release|x86.Build.0 = Release|Any CPU
	EndGlobalSection
	GlobalSection(SolutionProperties) = preSolution
		HideSolutionNode = FALSE
	EndGlobalSection
	GlobalSection(ExtensibilityGlobals) = postSolution
		SolutionGuid = {014BA928-C928-4CCD-8B6F-7078D8C11548}
	EndGlobalSection
EndGlobal
